// !$*UTF8*$!
{
	archiveVersion = 1;
	classes = {
	};
	objectVersion = 46;
	objects = {

/* Begin PBXBuildFile section */
		659308361ED335D700E22B51 /* AppDelegate.swift in Sources */ = {isa = PBXBuildFile; fileRef = 659308351ED335D700E22B51 /* AppDelegate.swift */; };
		659308381ED335D700E22B51 /* ViewController.swift in Sources */ = {isa = PBXBuildFile; fileRef = 659308371ED335D700E22B51 /* ViewController.swift */; };
		6593083B1ED335D700E22B51 /* Main.storyboard in Resources */ = {isa = PBXBuildFile; fileRef = 659308391ED335D700E22B51 /* Main.storyboard */; };
		6593083D1ED335D700E22B51 /* Assets.xcassets in Resources */ = {isa = PBXBuildFile; fileRef = 6593083C1ED335D700E22B51 /* Assets.xcassets */; };
		659308401ED335D700E22B51 /* LaunchScreen.storyboard in Resources */ = {isa = PBXBuildFile; fileRef = 6593083E1ED335D700E22B51 /* LaunchScreen.storyboard */; };
/* End PBXBuildFile section */

/* Begin PBXFileReference section */
		659308321ED335D700E22B51 /* New final project.app */ = {isa = PBXFileReference; explicitFileType = wrapper.application; includeInIndex = 0; path = "New final project.app"; sourceTree = BUILT_PRODUCTS_DIR; };
		659308351ED335D700E22B51 /* AppDelegate.swift */ = {isa = PBXFileReference; lastKnownFileType = sourcecode.swift; path = AppDelegate.swift; sourceTree = "<group>"; };
		659308371ED335D700E22B51 /* ViewController.swift */ = {isa = PBXFileReference; lastKnownFileType = sourcecode.swift; path = ViewController.swift; sourceTree = "<group>"; };
		6593083A1ED335D700E22B51 /* Base */ = {isa = PBXFileReference; lastKnownFileType = file.storyboard; name = Base; path = Base.lproj/Main.storyboard; sourceTree = "<group>"; };
		6593083C1ED335D700E22B51 /* Assets.xcassets */ = {isa = PBXFileReference; lastKnownFileType = folder.assetcatalog; path = Assets.xcassets; sourceTree = "<group>"; };
		6593083F1ED335D700E22B51 /* Base */ = {isa = PBXFileReference; lastKnownFileType = file.storyboard; name = Base; path = Base.lproj/LaunchScreen.storyboard; sourceTree = "<group>"; };
		659308411ED335D700E22B51 /* Info.plist */ = {isa = PBXFileReference; lastKnownFileType = text.plist.xml; path = Info.plist; sourceTree = "<group>"; };
/* End PBXFileReference section */

/* Begin PBXFrameworksBuildPhase section */
		6593082F1ED335D700E22B51 /* Frameworks */ = {
			isa = PBXFrameworksBuildPhase;
			buildActionMask = 2147483647;
			files = (
			);
			runOnlyForDeploymentPostprocessing = 0;
		};
/* End PBXFrameworksBuildPhase section */

/* Begin PBXGroup section */
		659308291ED335D700E22B51 = {
			isa = PBXGroup;
			children = (
				659308341ED335D700E22B51 /* New final project */,
				659308331ED335D700E22B51 /* Products */,
			);
			sourceTree = "<group>";
		};
		659308331ED335D700E22B51 /* Products */ = {
			isa = PBXGroup;
			children = (
				659308321ED335D700E22B51 /* New final project.app */,
			);
			name = Products;
			sourceTree = "<group>";
		};
		659308341ED335D700E22B51 /* New final project */ = {
			isa = PBXGroup;
			children = (
				659308351ED335D700E22B51 /* AppDelegate.swift */,
				659308371ED335D700E22B51 /* ViewController.swift */,
				659308391ED335D700E22B51 /* Main.storyboard */,
				6593083C1ED335D700E22B51 /* Assets.xcassets */,
				6593083E1ED335D700E22B51 /* LaunchScreen.storyboard */,
				659308411ED335D700E22B51 /* Info.plist */,
			);
			path = "New final project";
			sourceTree = "<group>";
		};
/* End PBXGroup section */

/* Begin PBXNativeTarget section */
		659308311ED335D700E22B51 /* New final project */ = {
			isa = PBXNativeTarget;
			buildConfigurationList = 659308441ED335D700E22B51 /* Build configuration list for PBXNativeTarget "New final project" */;
			buildPhases = (
				6593082E1ED335D700E22B51 /* Sources */,
				6593082F1ED335D700E22B51 /* Frameworks */,
				659308301ED335D700E22B51 /* Resources */,
			);
			buildRules = (
			);
			dependencies = (
			);
			name = "New final project";
			productName = "New final project";
			productReference = 659308321ED335D700E22B51 /* New final project.app */;
			productType = "com.apple.product-type.application";
		};
/* End PBXNativeTarget section */

/* Begin PBXProject section */
		6593082A1ED335D700E22B51 /* Project object */ = {
			isa = PBXProject;
			attributes = {
				LastSwiftUpdateCheck = 0820;
				LastUpgradeCheck = 0820;
				ORGANIZATIONNAME = "Grace Herbst";
				TargetAttributes = {
					659308311ED335D700E22B51 = {
						CreatedOnToolsVersion = 8.2.1;
						DevelopmentTeam = T9GVHC2VWW;
						ProvisioningStyle = Automatic;
					};
				};
			};
			buildConfigurationList = 6593082D1ED335D700E22B51 /* Build configuration list for PBXProject "New final project" */;
			compatibilityVersion = "Xcode 3.2";
			developmentRegion = English;
			hasScannedForEncodings = 0;
			knownRegions = (
				en,
				Base,
			);
			mainGroup = 659308291ED335D700E22B51;
			productRefGroup = 659308331ED335D700E22B51 /* Products */;
			projectDirPath = "";
			projectRoot = "";
			targets = (
				659308311ED335D700E22B51 /* New final project */,
			);
		};
/* End PBXProject section */

/* Begin PBXResourcesBuildPhase section */
		659308301ED335D700E22B51 /* Resources */ = {
			isa = PBXResourcesBuildPhase;
			buildActionMask = 2147483647;
			files = (
				659308401ED335D700E22B51 /* LaunchScreen.storyboard in Resources */,
				6593083D1ED335D700E22B51 /* Assets.xcassets in Resources */,
				6593083B1ED335D700E22B51 /* Main.storyboard in Resources */,
			);
			runOnlyForDeploymentPostprocessing = 0;
		};
/* End PBXResourcesBuildPhase section */

/* Begin PBXSourcesBuildPhase section */
		6593082E1ED335D700E22B51 /* Sources */ = {
			isa = PBXSourcesBuildPhase;
			buildActionMask = 2147483647;
			files = (
				659308381ED335D700E22B51 /* ViewController.swift in Sources */,
				659308361ED335D700E22B51 /* AppDelegate.swift in Sources */,
			);
			runOnlyForDeploymentPostprocessing = 0;
		};
/* End PBXSourcesBuildPhase section */

/* Begin PBXVariantGroup section */
		659308391ED335D700E22B51 /* Main.storyboard */ = {
			isa = PBXVariantGroup;
			children = (
				6593083A1ED335D700E22B51 /* Base */,
			);
			name = Main.storyboard;
			sourceTree = "<group>";
		};
		6593083E1ED335D700E22B51 /* LaunchScreen.storyboard */ = {
			isa = PBXVariantGroup;
			children = (
				6593083F1ED335D700E22B51 /* Base */,
			);
			name = LaunchScreen.storyboard;
			sourceTree = "<group>";
		};
/* End PBXVariantGroup section */

/* Begin XCBuildConfiguration section */
		659308421ED335D700E22B51 /* Debug */ = {
			isa = XCBuildConfiguration;
			buildSettings = {
				ALWAYS_SEARCH_USER_PATHS = NO;
				CLANG_ANALYZER_NONNULL = YES;
				CLANG_CXX_LANGUAGE_STANDARD = "gnu++0x";
				CLANG_CXX_LIBRARY = "libc++";
				CLANG_ENABLE_MODULES = YES;
				CLANG_ENABLE_OBJC_ARC = YES;
				CLANG_WARN_BOOL_CONVERSION = YES;
				CLANG_WARN_CONSTANT_CONVERSION = YES;
				CLANG_WARN_DIRECT_OBJC_ISA_USAGE = YES_ERROR;
				CLANG_WARN_DOCUMENTATION_COMMENTS = YES;
				CLANG_WARN_EMPTY_BODY = YES;
				CLANG_WARN_ENUM_CONVERSION = YES;
				CLANG_WARN_INFINITE_RECURSION = YES;
				CLANG_WARN_INT_CONVERSION = YES;
				CLANG_WARN_OBJC_ROOT_CLASS = YES_ERROR;
				CLANG_WARN_SUSPICIOUS_MOVE = YES;
				CLANG_WARN_UNREACHABLE_CODE = YES;
				CLANG_WARN__DUPLICATE_METHOD_MATCH = YES;
				"CODE_SIGN_IDENTITY[sdk=iphoneos*]" = "iPhone Developer";
				COPY_PHASE_STRIP = NO;
				DEBUG_INFORMATION_FORMAT = dwarf;
				ENABLE_STRICT_OBJC_MSGSEND = YES;
				ENABLE_TESTABILITY = YES;
				GCC_C_LANGUAGE_STANDARD = gnu99;
				GCC_DYNAMIC_NO_PIC = NO;
				GCC_NO_COMMON_BLOCKS = YES;
				GCC_OPTIMIZATION_LEVEL = 0;
				GCC_PREPROCESSOR_DEFINITIONS = (
					"DEBUG=1",
					"$(inherited)",
				);
				GCC_WARN_64_TO_32_BIT_CONVERSION = YES;
				GCC_WARN_ABOUT_RETURN_TYPE = YES_ERROR;
				GCC_WARN_UNDECLARED_SELECTOR = YES;
				GCC_WARN_UNINITIALIZED_AUTOS = YES_AGGRESSIVE;
				GCC_WARN_UNUSED_FUNCTION = YES;
				GCC_WARN_UNUSED_VARIABLE = YES;
				IPHONEOS_DEPLOYMENT_TARGET = 10.2;
				MTL_ENABLE_DEBUG_INFO = YES;
				ONLY_ACTIVE_ARCH = YES;
				SDKROOT = iphoneos;
				SWIFT_ACTIVE_COMPILATION_CONDITIONS = DEBUG;
				SWIFT_OPTIMIZATION_LEVEL = "-Onone";
				TARGETED_DEVICE_FAMILY = "1,2";
			};
			name = Debug;
		};
		659308431ED335D700E22B51 /* Release */ = {
			isa = XCBuildConfiguration;
			buildSettings = {
				ALWAYS_SEARCH_USER_PATHS = NO;
				CLANG_ANALYZER_NONNULL = YES;
				CLANG_CXX_LANGUAGE_STANDARD = "gnu++0x";
				CLANG_CXX_LIBRARY = "libc++";
				CLANG_ENABLE_MODULES = YES;
				CLANG_ENABLE_OBJC_ARC = YES;
				CLANG_WARN_BOOL_CONVERSION = YES;
				CLANG_WARN_CONSTANT_CONVERSION = YES;
				CLANG_WARN_DIRECT_OBJC_ISA_USAGE = YES_ERROR;
				CLANG_WARN_DOCUMENTATION_COMMENTS = YES;
				CLANG_WARN_EMPTY_BODY = YES;
				CLANG_WARN_ENUM_CONVERSION = YES;
				CLANG_WARN_INFINITE_RECURSION = YES;
				CLANG_WARN_INT_CONVERSION = YES;
				CLANG_WARN_OBJC_ROOT_CLASS = YES_ERROR;
				CLANG_WARN_SUSPICIOUS_MOVE = YES;
				CLANG_WARN_UNREACHABLE_CODE = YES;
				CLANG_WARN__DUPLICATE_METHOD_MATCH = YES;
				"CODE_SIGN_IDENTITY[sdk=iphoneos*]" = "iPhone Developer";
				COPY_PHASE_STRIP = NO;
				DEBUG_INFORMATION_FORMAT = "dwarf-with-dsym";
				ENABLE_NS_ASSERTIONS = NO;
				ENABLE_STRICT_OBJC_MSGSEND = YES;
				GCC_C_LANGUAGE_STANDARD = gnu99;
				GCC_NO_COMMON_BLOCKS = YES;
				GCC_WARN_64_TO_32_BIT_CONVERSION = YES;
				GCC_WARN_ABOUT_RETURN_TYPE = YES_ERROR;
				GCC_WARN_UNDECLARED_SELECTOR = YES;
				GCC_WARN_UNINITIALIZED_AUTOS = YES_AGGRESSIVE;
				GCC_WARN_UNUSED_FUNCTION = YES;
				GCC_WARN_UNUSED_VARIABLE = YES;
				IPHONEOS_DEPLOYMENT_TARGET = 10.2;
				MTL_ENABLE_DEBUG_INFO = NO;
				SDKROOT = iphoneos;
				SWIFT_OPTIMIZATION_LEVEL = "-Owholemodule";
				TARGETED_DEVICE_FAMILY = "1,2";
				VALIDATE_PRODUCT = YES;
			};
			name = Release;
		};
		659308451ED335D700E22B51 /* Debug */ = {
			isa = XCBuildConfiguration;
			buildSettings = {
				ASSETCATALOG_COMPILER_APPICON_NAME = AppIcon;
				DEVELOPMENT_TEAM = T9GVHC2VWW;
				INFOPLIST_FILE = "New final project/Info.plist";
				LD_RUNPATH_SEARCH_PATHS = "$(inherited) @executable_path/Frameworks";
				PRODUCT_BUNDLE_IDENTIFIER = "com.graceherbst.New-final-project";
				PRODUCT_NAME = "$(TARGET_NAME)";
				SWIFT_VERSION = 3.0;
			};
			name = Debug;
		};
		659308461ED335D700E22B51 /* Release */ = {
			isa = XCBuildConfiguration;
			buildSettings = {
				ASSETCATALOG_COMPILER_APPICON_NAME = AppIcon;
				DEVELOPMENT_TEAM = T9GVHC2VWW;
				INFOPLIST_FILE = "New final project/Info.plist";
				LD_RUNPATH_SEARCH_PATHS = "$(inherited) @executable_path/Frameworks";
				PRODUCT_BUNDLE_IDENTIFIER = "com.graceherbst.New-final-project";
				PRODUCT_NAME = "$(TARGET_NAME)";
				SWIFT_VERSION = 3.0;
			};
			name = Release;
		};
/* End XCBuildConfiguration section */

/* Begin XCConfigurationList section */
		6593082D1ED335D700E22B51 /* Build configuration list for PBXProject "New final project" */ = {
			isa = XCConfigurationList;
			buildConfigurations = (
				659308421ED335D700E22B51 /* Debug */,
				659308431ED335D700E22B51 /* Release */,
			);
			defaultConfigurationIsVisible = 0;
			defaultConfigurationName = Release;
		};
		659308441ED335D700E22B51 /* Build configuration list for PBXNativeTarget "New final project" */ = {
			isa = XCConfigurationList;
			buildConfigurations = (
				659308451ED335D700E22B51 /* Debug */,
				659308461ED335D700E22B51 /* Release */,
			);
			defaultConfigurationIsVisible = 0;
		};
/* End XCConfigurationList section */
	};
	rootObject = 6593082A1ED335D700E22B51 /* Project object */;
}
